
Microsoft Visual Studio Solution File, Format Version 12.00
# Visual Studio Version 17
VisualStudioVersion = 17.3.32929.385
MinimumVisualStudioVersion = 10.0.40219.1
Project("{FAE04EC0-301F-11D3-BF4B-00C04F79EFBC}") = "PolyclinicSystem", "PolyclinicSystem\PolyclinicSystem.csproj", "{375D22D9-63A7-47CC-9F49-274074532474}"
EndProject
Global
	GlobalSection(SolutionConfigurationPlatforms) = preSolution
		Debug|Any CPU = Debug|Any CPU
		Release|Any CPU = Release|Any CPU
	EndGlobalSection
	GlobalSection(ProjectConfigurationPlatforms) = postSolution
		{375D22D9-63A7-47CC-9F49-274074532474}.Debug|Any CPU.ActiveCfg = Debug|Any CPU
		{375D22D9-63A7-47CC-9F49-274074532474}.Debug|Any CPU.Build.0 = Debug|Any CPU
		{375D22D9-63A7-47CC-9F49-274074532474}.Release|Any CPU.ActiveCfg = Release|Any CPU
		{375D22D9-63A7-47CC-9F49-274074532474}.Release|Any CPU.Build.0 = Release|Any CPU
	EndGlobalSection
	GlobalSection(SolutionProperties) = preSolution
		HideSolutionNode = FALSE
	EndGlobalSection
	GlobalSection(ExtensibilityGlobals) = postSolution
		SolutionGuid = {B02028AC-0534-4954-9D90-71DF1138A551}
	EndGlobalSection
EndGlobal
